// !$*UTF8*$!
{
	archiveVersion = 1;
	classes = {
	};
	objectVersion = 56;
	objects = {

/* Begin PBXBuildFile section */
		BD42A6DD2C5243D400D1D70F /* AboutMeProjectApp.swift in Sources */ = {isa = PBXBuildFile; fileRef = BD42A6DC2C5243D400D1D70F /* AboutMeProjectApp.swift */; };
		BD42A6DF2C5243D400D1D70F /* ContentView.swift in Sources */ = {isa = PBXBuildFile; fileRef = BD42A6DE2C5243D400D1D70F /* ContentView.swift */; };
		BD42A6E12C5243D800D1D70F /* Assets.xcassets in Resources */ = {isa = PBXBuildFile; fileRef = BD42A6E02C5243D800D1D70F /* Assets.xcassets */; };
		BD42A6E42C5243D800D1D70F /* Preview Assets.xcassets in Resources */ = {isa = PBXBuildFile; fileRef = BD42A6E32C5243D800D1D70F /* Preview Assets.xcassets */; };
		BD42A6EE2C5243D800D1D70F /* AboutMeProjectTests.swift in Sources */ = {isa = PBXBuildFile; fileRef = BD42A6ED2C5243D800D1D70F /* AboutMeProjectTests.swift */; };
		BD42A6F82C5243D800D1D70F /* AboutMeProjectUITests.swift in Sources */ = {isa = PBXBuildFile; fileRef = BD42A6F72C5243D800D1D70F /* AboutMeProjectUITests.swift */; };
		BD42A6FA2C5243D800D1D70F /* AboutMeProjectUITestsLaunchTests.swift in Sources */ = {isa = PBXBuildFile; fileRef = BD42A6F92C5243D800D1D70F /* AboutMeProjectUITestsLaunchTests.swift */; };
/* End PBXBuildFile section */

/* Begin PBXContainerItemProxy section */
		BD42A6EA2C5243D800D1D70F /* PBXContainerItemProxy */ = {
			isa = PBXContainerItemProxy;
			containerPortal = BD42A6D12C5243D400D1D70F /* Project object */;
			proxyType = 1;
			remoteGlobalIDString = BD42A6D82C5243D400D1D70F;
			remoteInfo = AboutMeProject;
		};
		BD42A6F42C5243D800D1D70F /* PBXContainerItemProxy */ = {
			isa = PBXContainerItemProxy;
			containerPortal = BD42A6D12C5243D400D1D70F /* Project object */;
			proxyType = 1;
			remoteGlobalIDString = BD42A6D82C5243D400D1D70F;
			remoteInfo = AboutMeProject;
		};
/* End PBXContainerItemProxy section */

/* Begin PBXFileReference section */
		BD42A6D92C5243D400D1D70F /* AboutMeProject.app */ = {isa = PBXFileReference; explicitFileType = wrapper.application; includeInIndex = 0; path = AboutMeProject.app; sourceTree = BUILT_PRODUCTS_DIR; };
		BD42A6DC2C5243D400D1D70F /* AboutMeProjectApp.swift */ = {isa = PBXFileReference; lastKnownFileType = sourcecode.swift; path = AboutMeProjectApp.swift; sourceTree = "<group>"; };
		BD42A6DE2C5243D400D1D70F /* ContentView.swift */ = {isa = PBXFileReference; lastKnownFileType = sourcecode.swift; path = ContentView.swift; sourceTree = "<group>"; };
		BD42A6E02C5243D800D1D70F /* Assets.xcassets */ = {isa = PBXFileReference; lastKnownFileType = folder.assetcatalog; path = Assets.xcassets; sourceTree = "<group>"; };
		BD42A6E32C5243D800D1D70F /* Preview Assets.xcassets */ = {isa = PBXFileReference; lastKnownFileType = folder.assetcatalog; path = "Preview Assets.xcassets"; sourceTree = "<group>"; };
		BD42A6E92C5243D800D1D70F /* AboutMeProjectTests.xctest */ = {isa = PBXFileReference; explicitFileType = wrapper.cfbundle; includeInIndex = 0; path = AboutMeProjectTests.xctest; sourceTree = BUILT_PRODUCTS_DIR; };
		BD42A6ED2C5243D800D1D70F /* AboutMeProjectTests.swift */ = {isa = PBXFileReference; lastKnownFileType = sourcecode.swift; path = AboutMeProjectTests.swift; sourceTree = "<group>"; };
		BD42A6F32C5243D800D1D70F /* AboutMeProjectUITests.xctest */ = {isa = PBXFileReference; explicitFileType = wrapper.cfbundle; includeInIndex = 0; path = AboutMeProjectUITests.xctest; sourceTree = BUILT_PRODUCTS_DIR; };
		BD42A6F72C5243D800D1D70F /* AboutMeProjectUITests.swift */ = {isa = PBXFileReference; lastKnownFileType = sourcecode.swift; path = AboutMeProjectUITests.swift; sourceTree = "<group>"; };
		BD42A6F92C5243D800D1D70F /* AboutMeProjectUITestsLaunchTests.swift */ = {isa = PBXFileReference; lastKnownFileType = sourcecode.swift; path = AboutMeProjectUITestsLaunchTests.swift; sourceTree = "<group>"; };
/* End PBXFileReference section */

/* Begin PBXFrameworksBuildPhase section */
		BD42A6D62C5243D400D1D70F /* Frameworks */ = {
			isa = PBXFrameworksBuildPhase;
			buildActionMask = 2147483647;
			files = (
			);
			runOnlyForDeploymentPostprocessing = 0;
		};
		BD42A6E62C5243D800D1D70F /* Frameworks */ = {
			isa = PBXFrameworksBuildPhase;
			buildActionMask = 2147483647;
			files = (
			);
			runOnlyForDeploymentPostprocessing = 0;
		};
		BD42A6F02C5243D800D1D70F /* Frameworks */ = {
			isa = PBXFrameworksBuildPhase;
			buildActionMask = 2147483647;
			files = (
			);
			runOnlyForDeploymentPostprocessing = 0;
		};
/* End PBXFrameworksBuildPhase section */

/* Begin PBXGroup section */
		BD42A6D02C5243D400D1D70F = {
			isa = PBXGroup;
			children = (
				BD42A6DB2C5243D400D1D70F /* AboutMeProject */,
				BD42A6EC2C5243D800D1D70F /* AboutMeProjectTests */,
				BD42A6F62C5243D800D1D70F /* AboutMeProjectUITests */,
				BD42A6DA2C5243D400D1D70F /* Products */,
			);
			sourceTree = "<group>";
		};
		BD42A6DA2C5243D400D1D70F /* Products */ = {
			isa = PBXGroup;
			children = (
				BD42A6D92C5243D400D1D70F /* AboutMeProject.app */,
				BD42A6E92C5243D800D1D70F /* AboutMeProjectTests.xctest */,
				BD42A6F32C5243D800D1D70F /* AboutMeProjectUITests.xctest */,
			);
			name = Products;
			sourceTree = "<group>";
		};
		BD42A6DB2C5243D400D1D70F /* AboutMeProject */ = {
			isa = PBXGroup;
			children = (
				BD42A6DC2C5243D400D1D70F /* AboutMeProjectApp.swift */,
				BD42A6DE2C5243D400D1D70F /* ContentView.swift */,
				BD42A6E02C5243D800D1D70F /* Assets.xcassets */,
				BD42A6E22C5243D800D1D70F /* Preview Content */,
			);
			path = AboutMeProject;
			sourceTree = "<group>";
		};
		BD42A6E22C5243D800D1D70F /* Preview Content */ = {
			isa = PBXGroup;
			children = (
				BD42A6E32C5243D800D1D70F /* Preview Assets.xcassets */,
			);
			path = "Preview Content";
			sourceTree = "<group>";
		};
		BD42A6EC2C5243D800D1D70F /* AboutMeProjectTests */ = {
			isa = PBXGroup;
			children = (
				BD42A6ED2C5243D800D1D70F /* AboutMeProjectTests.swift */,
			);
			path = AboutMeProjectTests;
			sourceTree = "<group>";
		};
		BD42A6F62C5243D800D1D70F /* AboutMeProjectUITests */ = {
			isa = PBXGroup;
			children = (
				BD42A6F72C5243D800D1D70F /* AboutMeProjectUITests.swift */,
				BD42A6F92C5243D800D1D70F /* AboutMeProjectUITestsLaunchTests.swift */,
			);
			path = AboutMeProjectUITests;
			sourceTree = "<group>";
		};
/* End PBXGroup section */

/* Begin PBXNativeTarget section */
		BD42A6D82C5243D400D1D70F /* AboutMeProject */ = {
			isa = PBXNativeTarget;
			buildConfigurationList = BD42A6FD2C5243D800D1D70F /* Build configuration list for PBXNativeTarget "AboutMeProject" */;
			buildPhases = (
				BD42A6D52C5243D400D1D70F /* Sources */,
				BD42A6D62C5243D400D1D70F /* Frameworks */,
				BD42A6D72C5243D400D1D70F /* Resources */,
			);
			buildRules = (
			);
			dependencies = (
			);
			name = AboutMeProject;
			productName = AboutMeProject;
			productReference = BD42A6D92C5243D400D1D70F /* AboutMeProject.app */;
			productType = "com.apple.product-type.application";
		};
		BD42A6E82C5243D800D1D70F /* AboutMeProjectTests */ = {
			isa = PBXNativeTarget;
			buildConfigurationList = BD42A7002C5243D800D1D70F /* Build configuration list for PBXNativeTarget "AboutMeProjectTests" */;
			buildPhases = (
				BD42A6E52C5243D800D1D70F /* Sources */,
				BD42A6E62C5243D800D1D70F /* Frameworks */,
				BD42A6E72C5243D800D1D70F /* Resources */,
			);
			buildRules = (
			);
			dependencies = (
				BD42A6EB2C5243D800D1D70F /* PBXTargetDependency */,
			);
			name = AboutMeProjectTests;
			productName = AboutMeProjectTests;
			productReference = BD42A6E92C5243D800D1D70F /* AboutMeProjectTests.xctest */;
			productType = "com.apple.product-type.bundle.unit-test";
		};
		BD42A6F22C5243D800D1D70F /* AboutMeProjectUITests */ = {
			isa = PBXNativeTarget;
			buildConfigurationList = BD42A7032C5243D800D1D70F /* Build configuration list for PBXNativeTarget "AboutMeProjectUITests" */;
			buildPhases = (
				BD42A6EF2C5243D800D1D70F /* Sources */,
				BD42A6F02C5243D800D1D70F /* Frameworks */,
				BD42A6F12C5243D800D1D70F /* Resources */,
			);
			buildRules = (
			);
			dependencies = (
				BD42A6F52C5243D800D1D70F /* PBXTargetDependency */,
			);
			name = AboutMeProjectUITests;
			productName = AboutMeProjectUITests;
			productReference = BD42A6F32C5243D800D1D70F /* AboutMeProjectUITests.xctest */;
			productType = "com.apple.product-type.bundle.ui-testing";
		};
/* End PBXNativeTarget section */

/* Begin PBXProject section */
		BD42A6D12C5243D400D1D70F /* Project object */ = {
			isa = PBXProject;
			attributes = {
				BuildIndependentTargetsInParallel = 1;
				LastSwiftUpdateCheck = 1540;
				LastUpgradeCheck = 1540;
				TargetAttributes = {
					BD42A6D82C5243D400D1D70F = {
						CreatedOnToolsVersion = 15.4;
					};
					BD42A6E82C5243D800D1D70F = {
						CreatedOnToolsVersion = 15.4;
						TestTargetID = BD42A6D82C5243D400D1D70F;
					};
					BD42A6F22C5243D800D1D70F = {
						CreatedOnToolsVersion = 15.4;
						TestTargetID = BD42A6D82C5243D400D1D70F;
					};
				};
			};
			buildConfigurationList = BD42A6D42C5243D400D1D70F /* Build configuration list for PBXProject "AboutMeProject" */;
			compatibilityVersion = "Xcode 14.0";
			developmentRegion = en;
			hasScannedForEncodings = 0;
			knownRegions = (
				en,
				Base,
			);
			mainGroup = BD42A6D02C5243D400D1D70F;
			productRefGroup = BD42A6DA2C5243D400D1D70F /* Products */;
			projectDirPath = "";
			projectRoot = "";
			targets = (
				BD42A6D82C5243D400D1D70F /* AboutMeProject */,
				BD42A6E82C5243D800D1D70F /* AboutMeProjectTests */,
				BD42A6F22C5243D800D1D70F /* AboutMeProjectUITests */,
			);
		};
/* End PBXProject section */

/* Begin PBXResourcesBuildPhase section */
		BD42A6D72C5243D400D1D70F /* Resources */ = {
			isa = PBXResourcesBuildPhase;
			buildActionMask = 2147483647;
			files = (
				BD42A6E42C5243D800D1D70F /* Preview Assets.xcassets in Resources */,
				BD42A6E12C5243D800D1D70F /* Assets.xcassets in Resources */,
			);
			runOnlyForDeploymentPostprocessing = 0;
		};
		BD42A6E72C5243D800D1D70F /* Resources */ = {
			isa = PBXResourcesBuildPhase;
			buildActionMask = 2147483647;
			files = (
			);
			runOnlyForDeploymentPostprocessing = 0;
		};
		BD42A6F12C5243D800D1D70F /* Resources */ = {
			isa = PBXResourcesBuildPhase;
			buildActionMask = 2147483647;
			files = (
			);
			runOnlyForDeploymentPostprocessing = 0;
		};
/* End PBXResourcesBuildPhase section */

/* Begin PBXSourcesBuildPhase section */
		BD42A6D52C5243D400D1D70F /* Sources */ = {
			isa = PBXSourcesBuildPhase;
			buildActionMask = 2147483647;
			files = (
				BD42A6DF2C5243D400D1D70F /* ContentView.swift in Sources */,
				BD42A6DD2C5243D400D1D70F /* AboutMeProjectApp.swift in Sources */,
			);
			runOnlyForDeploymentPostprocessing = 0;
		};
		BD42A6E52C5243D800D1D70F /* Sources */ = {
			isa = PBXSourcesBuildPhase;
			buildActionMask = 2147483647;
			files = (
				BD42A6EE2C5243D800D1D70F /* AboutMeProjectTests.swift in Sources */,
			);
			runOnlyForDeploymentPostprocessing = 0;
		};
		BD42A6EF2C5243D800D1D70F /* Sources */ = {
			isa = PBXSourcesBuildPhase;
			buildActionMask = 2147483647;
			files = (
				BD42A6FA2C5243D800D1D70F /* AboutMeProjectUITestsLaunchTests.swift in Sources */,
				BD42A6F82C5243D800D1D70F /* AboutMeProjectUITests.swift in Sources */,
			);
			runOnlyForDeploymentPostprocessing = 0;
		};
/* End PBXSourcesBuildPhase section */

/* Begin PBXTargetDependency section */
		BD42A6EB2C5243D800D1D70F /* PBXTargetDependency */ = {
			isa = PBXTargetDependency;
			target = BD42A6D82C5243D400D1D70F /* AboutMeProject */;
			targetProxy = BD42A6EA2C5243D800D1D70F /* PBXContainerItemProxy */;
		};
		BD42A6F52C5243D800D1D70F /* PBXTargetDependency */ = {
			isa = PBXTargetDependency;
			target = BD42A6D82C5243D400D1D70F /* AboutMeProject */;
			targetProxy = BD42A6F42C5243D800D1D70F /* PBXContainerItemProxy */;
		};
/* End PBXTargetDependency section */

/* Begin XCBuildConfiguration section */
		BD42A6FB2C5243D800D1D70F /* Debug */ = {
			isa = XCBuildConfiguration;
			buildSettings = {
				ALWAYS_SEARCH_USER_PATHS = NO;
				ASSETCATALOG_COMPILER_GENERATE_SWIFT_ASSET_SYMBOL_EXTENSIONS = YES;
				CLANG_ANALYZER_NONNULL = YES;
				CLANG_ANALYZER_NUMBER_OBJECT_CONVERSION = YES_AGGRESSIVE;
				CLANG_CXX_LANGUAGE_STANDARD = "gnu++20";
				CLANG_ENABLE_MODULES = YES;
				CLANG_ENABLE_OBJC_ARC = YES;
				CLANG_ENABLE_OBJC_WEAK = YES;
				CLANG_WARN_BLOCK_CAPTURE_AUTORELEASING = YES;
				CLANG_WARN_BOOL_CONVERSION = YES;
				CLANG_WARN_COMMA = YES;
				CLANG_WARN_CONSTANT_CONVERSION = YES;
				CLANG_WARN_DEPRECATED_OBJC_IMPLEMENTATIONS = YES;
				CLANG_WARN_DIRECT_OBJC_ISA_USAGE = YES_ERROR;
				CLANG_WARN_DOCUMENTATION_COMMENTS = YES;
				CLANG_WARN_EMPTY_BODY = YES;
				CLANG_WARN_ENUM_CONVERSION = YES;
				CLANG_WARN_INFINITE_RECURSION = YES;
				CLANG_WARN_INT_CONVERSION = YES;
				CLANG_WARN_NON_LITERAL_NULL_CONVERSION = YES;
				CLANG_WARN_OBJC_IMPLICIT_RETAIN_SELF = YES;
				CLANG_WARN_OBJC_LITERAL_CONVERSION = YES;
				CLANG_WARN_OBJC_ROOT_CLASS = YES_ERROR;
				CLANG_WARN_QUOTED_INCLUDE_IN_FRAMEWORK_HEADER = YES;
				CLANG_WARN_RANGE_LOOP_ANALYSIS = YES;
				CLANG_WARN_STRICT_PROTOTYPES = YES;
				CLANG_WARN_SUSPICIOUS_MOVE = YES;
				CLANG_WARN_UNGUARDED_AVAILABILITY = YES_AGGRESSIVE;
				CLANG_WARN_UNREACHABLE_CODE = YES;
				CLANG_WARN__DUPLICATE_METHOD_MATCH = YES;
				COPY_PHASE_STRIP = NO;
				DEBUG_INFORMATION_FORMAT = dwarf;
				ENABLE_STRICT_OBJC_MSGSEND = YES;
				ENABLE_TESTABILITY = YES;
				ENABLE_USER_SCRIPT_SANDBOXING = YES;
				GCC_C_LANGUAGE_STANDARD = gnu17;
				GCC_DYNAMIC_NO_PIC = NO;
				GCC_NO_COMMON_BLOCKS = YES;
				GCC_OPTIMIZATION_LEVEL = 0;
				GCC_PREPROCESSOR_DEFINITIONS = (
					"DEBUG=1",
					"$(inherited)",
				);
				GCC_WARN_64_TO_32_BIT_CONVERSION = YES;
				GCC_WARN_ABOUT_RETURN_TYPE = YES_ERROR;
				GCC_WARN_UNDECLARED_SELECTOR = YES;
				GCC_WARN_UNINITIALIZED_AUTOS = YES_AGGRESSIVE;
				GCC_WARN_UNUSED_FUNCTION = YES;
				GCC_WARN_UNUSED_VARIABLE = YES;
				IPHONEOS_DEPLOYMENT_TARGET = 17.5;
				LOCALIZATION_PREFERS_STRING_CATALOGS = YES;
				MTL_ENABLE_DEBUG_INFO = INCLUDE_SOURCE;
				MTL_FAST_MATH = YES;
				ONLY_ACTIVE_ARCH = YES;
				SDKROOT = iphoneos;
				SWIFT_ACTIVE_COMPILATION_CONDITIONS = "DEBUG $(inherited)";
				SWIFT_OPTIMIZATION_LEVEL = "-Onone";
			};
			name = Debug;
		};
		BD42A6FC2C5243D800D1D70F /* Release */ = {
			isa = XCBuildConfiguration;
			buildSettings = {
				ALWAYS_SEARCH_USER_PATHS = NO;
				ASSETCATALOG_COMPILER_GENERATE_SWIFT_ASSET_SYMBOL_EXTENSIONS = YES;
				CLANG_ANALYZER_NONNULL = YES;
				CLANG_ANALYZER_NUMBER_OBJECT_CONVERSION = YES_AGGRESSIVE;
				CLANG_CXX_LANGUAGE_STANDARD = "gnu++20";
				CLANG_ENABLE_MODULES = YES;
				CLANG_ENABLE_OBJC_ARC = YES;
				CLANG_ENABLE_OBJC_WEAK = YES;
				CLANG_WARN_BLOCK_CAPTURE_AUTORELEASING = YES;
				CLANG_WARN_BOOL_CONVERSION = YES;
				CLANG_WARN_COMMA = YES;
				CLANG_WARN_CONSTANT_CONVERSION = YES;
				CLANG_WARN_DEPRECATED_OBJC_IMPLEMENTATIONS = YES;
				CLANG_WARN_DIRECT_OBJC_ISA_USAGE = YES_ERROR;
				CLANG_WARN_DOCUMENTATION_COMMENTS = YES;
				CLANG_WARN_EMPTY_BODY = YES;
				CLANG_WARN_ENUM_CONVERSION = YES;
				CLANG_WARN_INFINITE_RECURSION = YES;
				CLANG_WARN_INT_CONVERSION = YES;
				CLANG_WARN_NON_LITERAL_NULL_CONVERSION = YES;
				CLANG_WARN_OBJC_IMPLICIT_RETAIN_SELF = YES;
				CLANG_WARN_OBJC_LITERAL_CONVERSION = YES;
				CLANG_WARN_OBJC_ROOT_CLASS = YES_ERROR;
				CLANG_WARN_QUOTED_INCLUDE_IN_FRAMEWORK_HEADER = YES;
				CLANG_WARN_RANGE_LOOP_ANALYSIS = YES;
				CLANG_WARN_STRICT_PROTOTYPES = YES;
				CLANG_WARN_SUSPICIOUS_MOVE = YES;
				CLANG_WARN_UNGUARDED_AVAILABILITY = YES_AGGRESSIVE;
				CLANG_WARN_UNREACHABLE_CODE = YES;
				CLANG_WARN__DUPLICATE_METHOD_MATCH = YES;
				COPY_PHASE_STRIP = NO;
				DEBUG_INFORMATION_FORMAT = "dwarf-with-dsym";
				ENABLE_NS_ASSERTIONS = NO;
				ENABLE_STRICT_OBJC_MSGSEND = YES;
				ENABLE_USER_SCRIPT_SANDBOXING = YES;
				GCC_C_LANGUAGE_STANDARD = gnu17;
				GCC_NO_COMMON_BLOCKS = YES;
				GCC_WARN_64_TO_32_BIT_CONVERSION = YES;
				GCC_WARN_ABOUT_RETURN_TYPE = YES_ERROR;
				GCC_WARN_UNDECLARED_SELECTOR = YES;
				GCC_WARN_UNINITIALIZED_AUTOS = YES_AGGRESSIVE;
				GCC_WARN_UNUSED_FUNCTION = YES;
				GCC_WARN_UNUSED_VARIABLE = YES;
				IPHONEOS_DEPLOYMENT_TARGET = 17.5;
				LOCALIZATION_PREFERS_STRING_CATALOGS = YES;
				MTL_ENABLE_DEBUG_INFO = NO;
				MTL_FAST_MATH = YES;
				SDKROOT = iphoneos;
				SWIFT_COMPILATION_MODE = wholemodule;
				VALIDATE_PRODUCT = YES;
			};
			name = Release;
		};
		BD42A6FE2C5243D800D1D70F /* Debug */ = {
			isa = XCBuildConfiguration;
			buildSettings = {
				ASSETCATALOG_COMPILER_APPICON_NAME = AppIcon;
				ASSETCATALOG_COMPILER_GLOBAL_ACCENT_COLOR_NAME = AccentColor;
				CODE_SIGN_STYLE = Automatic;
				CURRENT_PROJECT_VERSION = 1;
				DEVELOPMENT_ASSET_PATHS = "\"AboutMeProject/Preview Content\"";
				ENABLE_PREVIEWS = YES;
				GENERATE_INFOPLIST_FILE = YES;
				INFOPLIST_KEY_UIApplicationSceneManifest_Generation = YES;
				INFOPLIST_KEY_UIApplicationSupportsIndirectInputEvents = YES;
				INFOPLIST_KEY_UILaunchScreen_Generation = YES;
				INFOPLIST_KEY_UISupportedInterfaceOrientations_iPad = "UIInterfaceOrientationPortrait UIInterfaceOrientationPortraitUpsideDown UIInterfaceOrientationLandscapeLeft UIInterfaceOrientationLandscapeRight";
				INFOPLIST_KEY_UISupportedInterfaceOrientations_iPhone = "UIInterfaceOrientationPortrait UIInterfaceOrientationLandscapeLeft UIInterfaceOrientationLandscapeRight";
				LD_RUNPATH_SEARCH_PATHS = (
					"$(inherited)",
					"@executable_path/Frameworks",
				);
				MARKETING_VERSION = 1.0;
				PRODUCT_BUNDLE_IDENTIFIER = kwk.AboutMeProject;
				PRODUCT_NAME = "$(TARGET_NAME)";
				SWIFT_EMIT_LOC_STRINGS = YES;
				SWIFT_VERSION = 5.0;
				TARGETED_DEVICE_FAMILY = "1,2";
			};
			name = Debug;
		};
		BD42A6FF2C5243D800D1D70F /* Release */ = {
			isa = XCBuildConfiguration;
			buildSettings = {
				ASSETCATALOG_COMPILER_APPICON_NAME = AppIcon;
				ASSETCATALOG_COMPILER_GLOBAL_ACCENT_COLOR_NAME = AccentColor;
				CODE_SIGN_STYLE = Automatic;
				CURRENT_PROJECT_VERSION = 1;
				DEVELOPMENT_ASSET_PATHS = "\"AboutMeProject/Preview Content\"";
				ENABLE_PREVIEWS = YES;
				GENERATE_INFOPLIST_FILE = YES;
				INFOPLIST_KEY_UIApplicationSceneManifest_Generation = YES;
				INFOPLIST_KEY_UIApplicationSupportsIndirectInputEvents = YES;
				INFOPLIST_KEY_UILaunchScreen_Generation = YES;
				INFOPLIST_KEY_UISupportedInterfaceOrientations_iPad = "UIInterfaceOrientationPortrait UIInterfaceOrientationPortraitUpsideDown UIInterfaceOrientationLandscapeLeft UIInterfaceOrientationLandscapeRight";
				INFOPLIST_KEY_UISupportedInterfaceOrientations_iPhone = "UIInterfaceOrientationPortrait UIInterfaceOrientationLandscapeLeft UIInterfaceOrientationLandscapeRight";
				LD_RUNPATH_SEARCH_PATHS = (
					"$(inherited)",
					"@executable_path/Frameworks",
				);
				MARKETING_VERSION = 1.0;
				PRODUCT_BUNDLE_IDENTIFIER = kwk.AboutMeProject;
				PRODUCT_NAME = "$(TARGET_NAME)";
				SWIFT_EMIT_LOC_STRINGS = YES;
				SWIFT_VERSION = 5.0;
				TARGETED_DEVICE_FAMILY = "1,2";
			};
			name = Release;
		};
		BD42A7012C5243D800D1D70F /* Debug */ = {
			isa = XCBuildConfiguration;
			buildSettings = {
				ALWAYS_EMBED_SWIFT_STANDARD_LIBRARIES = YES;
				BUNDLE_LOADER = "$(TEST_HOST)";
				CODE_SIGN_STYLE = Automatic;
				CURRENT_PROJECT_VERSION = 1;
				GENERATE_INFOPLIST_FILE = YES;
				IPHONEOS_DEPLOYMENT_TARGET = 17.5;
				MARKETING_VERSION = 1.0;
				PRODUCT_BUNDLE_IDENTIFIER = kwk.AboutMeProjectTests;
				PRODUCT_NAME = "$(TARGET_NAME)";
				SWIFT_EMIT_LOC_STRINGS = NO;
				SWIFT_VERSION = 5.0;
				TARGETED_DEVICE_FAMILY = "1,2";
				TEST_HOST = "$(BUILT_PRODUCTS_DIR)/AboutMeProject.app/$(BUNDLE_EXECUTABLE_FOLDER_PATH)/AboutMeProject";
			};
			name = Debug;
		};
		BD42A7022C5243D800D1D70F /* Release */ = {
			isa = XCBuildConfiguration;
			buildSettings = {
				ALWAYS_EMBED_SWIFT_STANDARD_LIBRARIES = YES;
				BUNDLE_LOADER = "$(TEST_HOST)";
				CODE_SIGN_STYLE = Automatic;
				CURRENT_PROJECT_VERSION = 1;
				GENERATE_INFOPLIST_FILE = YES;
				IPHONEOS_DEPLOYMENT_TARGET = 17.5;
				MARKETING_VERSION = 1.0;
				PRODUCT_BUNDLE_IDENTIFIER = kwk.AboutMeProjectTests;
				PRODUCT_NAME = "$(TARGET_NAME)";
				SWIFT_EMIT_LOC_STRINGS = NO;
				SWIFT_VERSION = 5.0;
				TARGETED_DEVICE_FAMILY = "1,2";
				TEST_HOST = "$(BUILT_PRODUCTS_DIR)/AboutMeProject.app/$(BUNDLE_EXECUTABLE_FOLDER_PATH)/AboutMeProject";
			};
			name = Release;
		};
		BD42A7042C5243D800D1D70F /* Debug */ = {
			isa = XCBuildConfiguration;
			buildSettings = {
				ALWAYS_EMBED_SWIFT_STANDARD_LIBRARIES = YES;
				CODE_SIGN_STYLE = Automatic;
				CURRENT_PROJECT_VERSION = 1;
				GENERATE_INFOPLIST_FILE = YES;
				MARKETING_VERSION = 1.0;
				PRODUCT_BUNDLE_IDENTIFIER = kwk.AboutMeProjectUITests;
				PRODUCT_NAME = "$(TARGET_NAME)";
				SWIFT_EMIT_LOC_STRINGS = NO;
				SWIFT_VERSION = 5.0;
				TARGETED_DEVICE_FAMILY = "1,2";
				TEST_TARGET_NAME = AboutMeProject;
			};
			name = Debug;
		};
		BD42A7052C5243D800D1D70F /* Release */ = {
			isa = XCBuildConfiguration;
			buildSettings = {
				ALWAYS_EMBED_SWIFT_STANDARD_LIBRARIES = YES;
				CODE_SIGN_STYLE = Automatic;
				CURRENT_PROJECT_VERSION = 1;
				GENERATE_INFOPLIST_FILE = YES;
				MARKETING_VERSION = 1.0;
				PRODUCT_BUNDLE_IDENTIFIER = kwk.AboutMeProjectUITests;
				PRODUCT_NAME = "$(TARGET_NAME)";
				SWIFT_EMIT_LOC_STRINGS = NO;
				SWIFT_VERSION = 5.0;
				TARGETED_DEVICE_FAMILY = "1,2";
				TEST_TARGET_NAME = AboutMeProject;
			};
			name = Release;
		};
/* End XCBuildConfiguration section */

/* Begin XCConfigurationList section */
		BD42A6D42C5243D400D1D70F /* Build configuration list for PBXProject "AboutMeProject" */ = {
			isa = XCConfigurationList;
			buildConfigurations = (
				BD42A6FB2C5243D800D1D70F /* Debug */,
				BD42A6FC2C5243D800D1D70F /* Release */,
			);
			defaultConfigurationIsVisible = 0;
			defaultConfigurationName = Release;
		};
		BD42A6FD2C5243D800D1D70F /* Build configuration list for PBXNativeTarget "AboutMeProject" */ = {
			isa = XCConfigurationList;
			buildConfigurations = (
				BD42A6FE2C5243D800D1D70F /* Debug */,
				BD42A6FF2C5243D800D1D70F /* Release */,
			);
			defaultConfigurationIsVisible = 0;
			defaultConfigurationName = Release;
		};
		BD42A7002C5243D800D1D70F /* Build configuration list for PBXNativeTarget "AboutMeProjectTests" */ = {
			isa = XCConfigurationList;
			buildConfigurations = (
				BD42A7012C5243D800D1D70F /* Debug */,
				BD42A7022C5243D800D1D70F /* Release */,
			);
			defaultConfigurationIsVisible = 0;
			defaultConfigurationName = Release;
		};
		BD42A7032C5243D800D1D70F /* Build configuration list for PBXNativeTarget "AboutMeProjectUITests" */ = {
			isa = XCConfigurationList;
			buildConfigurations = (
				BD42A7042C5243D800D1D70F /* Debug */,
				BD42A7052C5243D800D1D70F /* Release */,
			);
			defaultConfigurationIsVisible = 0;
			defaultConfigurationName = Release;
		};
/* End XCConfigurationList section */
	};
	rootObject = BD42A6D12C5243D400D1D70F /* Project object */;
}
